<Solution>
  <Folder Name="/Source/">
    <Project Path="Source/Automapolis.Kernel/Automapolis.Kernel.csproj" />
    <Project Path="Source/Automapolis.Kernel.Host/Automapolis.Kernel.Host.csproj" />
  </Folder>
  <Folder Name="/Tests/">
    <Project Path="Tests/Automapolis.Kernel.Tests/Automapolis.Kernel.Tests.csproj" />
  </Folder>
</Solution>
