<Solution>
    <Project Path="Automatou.csproj">
        <BuildType Solution="Debug|*" Project="Debug" />
        <BuildType Solution="Release|*" Project="ExportRelease" />
    </Project>
    <Folder Name="/Tests/">
        <Project Path="Tests/SimulationTests.csproj" />
    </Folder>
    <Folder Name="/Automata/">
        <Project Path="Source/AutomatonContract/AutomatonContract.csproj" />
        <Project Path="Source/AutomatonPrograms/AutomatonPrograms.csproj" />
    </Folder>
</Solution>
